
Microsoft Visual Studio Solution File, Format Version 12.00
# Visual Studio Version 17
VisualStudioVersion = 17.6.33815.320
MinimumVisualStudioVersion = 10.0.40219.1
Project("{FAE04EC0-301F-11D3-BF4B-00C04F79EFBC}") = "TasksStringsMethod", "TasksStringsMethod\TasksStringsMethod.csproj", "{E4DED1C5-BCA3-4E24-8EF4-1C5A410C81C0}"
EndProject
Global
	GlobalSection(SolutionConfigurationPlatforms) = preSolution
		Debug|Any CPU = Debug|Any CPU
		Release|Any CPU = Release|Any CPU
	EndGlobalSection
	GlobalSection(ProjectConfigurationPlatforms) = postSolution
		{E4DED1C5-BCA3-4E24-8EF4-1C5A410C81C0}.Debug|Any CPU.ActiveCfg = Debug|Any CPU
		{E4DED1C5-BCA3-4E24-8EF4-1C5A410C81C0}.Debug|Any CPU.Build.0 = Debug|Any CPU
		{E4DED1C5-BCA3-4E24-8EF4-1C5A410C81C0}.Release|Any CPU.ActiveCfg = Release|Any CPU
		{E4DED1C5-BCA3-4E24-8EF4-1C5A410C81C0}.Release|Any CPU.Build.0 = Release|Any CPU
	EndGlobalSection
	GlobalSection(SolutionProperties) = preSolution
		HideSolutionNode = FALSE
	EndGlobalSection
	GlobalSection(ExtensibilityGlobals) = postSolution
		SolutionGuid = {EE3B6908-1B2C-46B1-A38D-9DC1FE09BEA3}
	EndGlobalSection
EndGlobal
